%{
  "decode": {:hex, :decode, "0.2.0", "4888dba80047b3e7525f2f7d9318f9d22bcb0a57a4a0b5fc8e8925d845bd9563", [:gleam], [{:gleam_stdlib, ">= 0.34.0 and < 2.0.0", [hex: :gleam_stdlib, repo: "hexpm", optional: false]}], "hexpm", "965f517f67b8c172ca27a5c8e34c73733139e8c9e64736181b8c3179281f9793"},
  "gleam_json": {:hex, :gleam_json, "1.0.1", "50eff2f576b8c0d8fd81309698f5126d6ec35f21ddfbd0e1bfe440597cb4c31f", [:gleam], [{:gleam_stdlib, ">= 0.19.0 and < 2.0.0", [hex: :gleam_stdlib, repo: "hexpm", optional: false]}, {:thoas, ">= 0.2.0 and < 2.0.0", [hex: :thoas, repo: "hexpm", optional: false]}], "hexpm", "9063d14d25406326c0255bda0021541e797d8a7a12573d849462cafed459f6eb"},
  "gleam_stdlib": {:hex, :gleam_stdlib, "0.39.0", "1dc54ec7c4e4640b0b37ddee29a5ab9196f19d6d35abfbd14f3d6b27ea9207ed", [:gleam], [], "hexpm", "2d7de885a6ea7f1d5015d1698920c9baf7241102836ce0c3837a4f160128a9c4"},
  "gleeunit": {:hex, :gleeunit, "1.2.0", "5b5d2ef62f5327b228d90aab751330a99da356633ad78fd0a552045dbdb2bbe2", [:gleam], [{:gleam_stdlib, ">= 0.33.0 and < 2.0.0", [hex: :gleam_stdlib, repo: "hexpm", optional: false]}], "hexpm", "f7a7228925d3ee7d0813c922e062bfd6d7e9310f0bee585d3a42f3307e3cfd13"},
  "thoas": {:hex, :thoas, "1.2.1", "19a25f31177a17e74004d4840f66d791d4298c5738790fa2cc73731eb911f195", [:rebar3], [], "hexpm", "e38697edffd6e91bd12cea41b155115282630075c2a727e7a6b2947f5408b86a"},
}
